
Microsoft Visual Studio Solution File, Format Version 12.00
# Visual Studio Version 17
VisualStudioVersion = 17.5.33516.290
MinimumVisualStudioVersion = 10.0.40219.1
Project("{FAE04EC0-301F-11D3-BF4B-00C04F79EFBC}") = "face3", "face3\face3.csproj", "{3775EBCD-7718-421C-9566-5A161D59F70B}"
EndProject
Global
	GlobalSection(SolutionConfigurationPlatforms) = preSolution
		Debug|Any CPU = Debug|Any CPU
		Release|Any CPU = Release|Any CPU
	EndGlobalSection
	GlobalSection(ProjectConfigurationPlatforms) = postSolution
		{3775EBCD-7718-421C-9566-5A161D59F70B}.Debug|Any CPU.ActiveCfg = Debug|Any CPU
		{3775EBCD-7718-421C-9566-5A161D59F70B}.Debug|Any CPU.Build.0 = Debug|Any CPU
		{3775EBCD-7718-421C-9566-5A161D59F70B}.Release|Any CPU.ActiveCfg = Release|Any CPU
		{3775EBCD-7718-421C-9566-5A161D59F70B}.Release|Any CPU.Build.0 = Release|Any CPU
	EndGlobalSection
	GlobalSection(SolutionProperties) = preSolution
		HideSolutionNode = FALSE
	EndGlobalSection
	GlobalSection(ExtensibilityGlobals) = postSolution
		SolutionGuid = {28634BE2-230E-4172-81E2-4A03146999CC}
	EndGlobalSection
EndGlobal
